
Microsoft Visual Studio Solution File, Format Version 12.00
# Visual Studio 2012
Project("{FAE04EC0-301F-11D3-BF4B-00C04F79EFBC}") = "E2eTestSample", "E2eTestSample\E2eTestSample.csproj", "{AC6548BF-77E4-49C2-BB9D-47AF392F6CED}"
EndProject
Project("{FAE04EC0-301F-11D3-BF4B-00C04F79EFBC}") = "E2eTestSampleTest", "E2eTestSampleTest\E2eTestSampleTest.csproj", "{EAEC23C1-918D-44B7-BFCE-A4EEE2411ACC}"
EndProject
Global
	GlobalSection(SolutionConfigurationPlatforms) = preSolution
		Debug|Any CPU = Debug|Any CPU
		Release|Any CPU = Release|Any CPU
	EndGlobalSection
	GlobalSection(ProjectConfigurationPlatforms) = postSolution
		{AC6548BF-77E4-49C2-BB9D-47AF392F6CED}.Debug|Any CPU.ActiveCfg = Debug|Any CPU
		{AC6548BF-77E4-49C2-BB9D-47AF392F6CED}.Debug|Any CPU.Build.0 = Debug|Any CPU
		{AC6548BF-77E4-49C2-BB9D-47AF392F6CED}.Release|Any CPU.ActiveCfg = Release|Any CPU
		{AC6548BF-77E4-49C2-BB9D-47AF392F6CED}.Release|Any CPU.Build.0 = Release|Any CPU
		{EAEC23C1-918D-44B7-BFCE-A4EEE2411ACC}.Debug|Any CPU.ActiveCfg = Debug|Any CPU
		{EAEC23C1-918D-44B7-BFCE-A4EEE2411ACC}.Debug|Any CPU.Build.0 = Debug|Any CPU
		{EAEC23C1-918D-44B7-BFCE-A4EEE2411ACC}.Release|Any CPU.ActiveCfg = Release|Any CPU
		{EAEC23C1-918D-44B7-BFCE-A4EEE2411ACC}.Release|Any CPU.Build.0 = Release|Any CPU
	EndGlobalSection
EndGlobal
